{
  "version": 1,
  "dependencies": {
    "net10.0-windows7.0": {
      "Melanchall.DryWetMidi": {
        "type": "Transitive",
        "resolved": "7.2.0",
        "contentHash": "iSD5vQtWqte5yq745x7WCY+HVhaQH4jt9Usf/3d3rDDf7uL7zJZNbJfSkF83XNQagc5io5NFAAQVm2EuI4CGWQ=="
      },
      "bardstage.core": {
        "type": "Project",
        "dependencies": {
          "Melanchall.DryWetMidi": "[7.2.0, )"
        }
      }
    }
  }
}